Microsoft Visual Studio Solution File, Format Version 11.00
# Visual Studio 2008

Project("{8DC554CA-3997-67D1-3BC4-30B328B1CCE5}") = "Dungeon Survivor", "Assembly-CSharp.csproj", "{398A34F2-0C76-6EEB-1C11-B947A3BBE2D7}"
EndProject
Global
	GlobalSection(SolutionConfigurationPlatforms) = preSolution
		Debug|Any CPU = Debug|Any CPU
		Release|Any CPU = Release|Any CPU
	EndGlobalSection
	GlobalSection(ProjectConfigurationPlatforms) = postSolution
		{398A34F2-0C76-6EEB-1C11-B947A3BBE2D7}.Debug|Any CPU.ActiveCfg = Debug|Any CPU
		{398A34F2-0C76-6EEB-1C11-B947A3BBE2D7}.Debug|Any CPU.Build.0 = Debug|Any CPU
		{398A34F2-0C76-6EEB-1C11-B947A3BBE2D7}.Release|Any CPU.ActiveCfg = Release|Any CPU
		{398A34F2-0C76-6EEB-1C11-B947A3BBE2D7}.Release|Any CPU.Build.0 = Release|Any CPU
	EndGlobalSection
	GlobalSection(SolutionProperties) = preSolution
		HideSolutionNode = FALSE
	EndGlobalSection
	GlobalSection(MonoDevelopProperties) = preSolution
		StartupItem = Assembly-CSharp.csproj
	EndGlobalSection
EndGlobal
